
Microsoft Visual Studio Solution File, Format Version 12.00
# Visual Studio Version 17
VisualStudioVersion = 17.11.35222.181
MinimumVisualStudioVersion = 10.0.40219.1
Project("{FAE04EC0-301F-11D3-BF4B-00C04F79EFBC}") = "UnionPDFS", "UnionPDFS.csproj", "{333C0B13-AE52-471B-B01B-451872C40FD4}"
EndProject
Global
	GlobalSection(SolutionConfigurationPlatforms) = preSolution
		Debug|Any CPU = Debug|Any CPU
		Release|Any CPU = Release|Any CPU
	EndGlobalSection
	GlobalSection(ProjectConfigurationPlatforms) = postSolution
		{333C0B13-AE52-471B-B01B-451872C40FD4}.Debug|Any CPU.ActiveCfg = Debug|Any CPU
		{333C0B13-AE52-471B-B01B-451872C40FD4}.Debug|Any CPU.Build.0 = Debug|Any CPU
		{333C0B13-AE52-471B-B01B-451872C40FD4}.Release|Any CPU.ActiveCfg = Release|Any CPU
		{333C0B13-AE52-471B-B01B-451872C40FD4}.Release|Any CPU.Build.0 = Release|Any CPU
	EndGlobalSection
	GlobalSection(SolutionProperties) = preSolution
		HideSolutionNode = FALSE
	EndGlobalSection
	GlobalSection(ExtensibilityGlobals) = postSolution
		SolutionGuid = {FF408347-9E27-4BCE-A788-3E9798F931E0}
	EndGlobalSection
EndGlobal
